// !$*UTF8*$!
{
	archiveVersion = 1;
	classes = {
	};
	objectVersion = 56;
	objects = {

/* Begin PBXBuildFile section */
		9713CE082A5455350077E54B /* AppDelegate.swift in Sources */ = {isa = PBXBuildFile; fileRef = 9713CE072A5455350077E54B /* AppDelegate.swift */; };
		9713CE0A2A5455350077E54B /* SceneDelegate.swift in Sources */ = {isa = PBXBuildFile; fileRef = 9713CE092A5455350077E54B /* SceneDelegate.swift */; };
		9713CE0C2A5455350077E54B /* ViewController.swift in Sources */ = {isa = PBXBuildFile; fileRef = 9713CE0B2A5455350077E54B /* ViewController.swift */; };
		9713CE0F2A5455350077E54B /* Main.storyboard in Resources */ = {isa = PBXBuildFile; fileRef = 9713CE0D2A5455350077E54B /* Main.storyboard */; };
		9713CE112A5455360077E54B /* Assets.xcassets in Resources */ = {isa = PBXBuildFile; fileRef = 9713CE102A5455360077E54B /* Assets.xcassets */; };
		9713CE142A5455360077E54B /* LaunchScreen.storyboard in Resources */ = {isa = PBXBuildFile; fileRef = 9713CE122A5455360077E54B /* LaunchScreen.storyboard */; };
		9713CE1E2A54A58C0077E54B /* HomeTableViewHeader.swift in Sources */ = {isa = PBXBuildFile; fileRef = 9713CE1D2A54A58C0077E54B /* HomeTableViewHeader.swift */; };
		9713CE202A54B35D0077E54B /* HomeTableViewHeader.xib in Resources */ = {isa = PBXBuildFile; fileRef = 9713CE1F2A54B35D0077E54B /* HomeTableViewHeader.xib */; };
		9737A6AD2A579A5C00869F70 /* ViagemTableViewCell.swift in Sources */ = {isa = PBXBuildFile; fileRef = 9737A6AB2A579A5C00869F70 /* ViagemTableViewCell.swift */; };
		9737A6AE2A579A5C00869F70 /* ViagemTableViewCell.xib in Resources */ = {isa = PBXBuildFile; fileRef = 9737A6AC2A579A5C00869F70 /* ViagemTableViewCell.xib */; };
		9737A6B12A5855CF00869F70 /* server-response.json in Resources */ = {isa = PBXBuildFile; fileRef = 9737A6B02A5855CF00869F70 /* server-response.json */; };
		9737A6B32A58563800869F70 /* DecodableData.swift in Sources */ = {isa = PBXBuildFile; fileRef = 9737A6B22A58563800869F70 /* DecodableData.swift */; };
		9737A6B52A58565100869F70 /* TiposDeViagens.swift in Sources */ = {isa = PBXBuildFile; fileRef = 9737A6B42A58565100869F70 /* TiposDeViagens.swift */; };
		9737A6B72A58567100869F70 /* Viagem.swift in Sources */ = {isa = PBXBuildFile; fileRef = 9737A6B62A58567100869F70 /* Viagem.swift */; };
		9737A6BA2A5856CC00869F70 /* UIView+Extension.swift in Sources */ = {isa = PBXBuildFile; fileRef = 9737A6B92A5856CC00869F70 /* UIView+Extension.swift */; };
		9737A6BC2A58570F00869F70 /* ViagemViewModel.swift in Sources */ = {isa = PBXBuildFile; fileRef = 9737A6BB2A58570F00869F70 /* ViagemViewModel.swift */; };
		9737A6BE2A5857C800869F70 /* ViagemDestaqueViewModel.swift in Sources */ = {isa = PBXBuildFile; fileRef = 9737A6BD2A5857C800869F70 /* ViagemDestaqueViewModel.swift */; };
		97A6A52E2A58984100098A85 /* OfertaTableViewCell.swift in Sources */ = {isa = PBXBuildFile; fileRef = 97A6A52C2A58984100098A85 /* OfertaTableViewCell.swift */; };
		97A6A52F2A58984100098A85 /* OfertaTableViewCell.xib in Resources */ = {isa = PBXBuildFile; fileRef = 97A6A52D2A58984100098A85 /* OfertaTableViewCell.xib */; };
		97A6A5312A589B1600098A85 /* ViagemOfertaViewModel.swift in Sources */ = {isa = PBXBuildFile; fileRef = 97A6A5302A589B1600098A85 /* ViagemOfertaViewModel.swift */; };
/* End PBXBuildFile section */

/* Begin PBXFileReference section */
		9713CE042A5455350077E54B /* AluraViagens.app */ = {isa = PBXFileReference; explicitFileType = wrapper.application; includeInIndex = 0; path = AluraViagens.app; sourceTree = BUILT_PRODUCTS_DIR; };
		9713CE072A5455350077E54B /* AppDelegate.swift */ = {isa = PBXFileReference; lastKnownFileType = sourcecode.swift; path = AppDelegate.swift; sourceTree = "<group>"; };
		9713CE092A5455350077E54B /* SceneDelegate.swift */ = {isa = PBXFileReference; lastKnownFileType = sourcecode.swift; path = SceneDelegate.swift; sourceTree = "<group>"; };
		9713CE0B2A5455350077E54B /* ViewController.swift */ = {isa = PBXFileReference; lastKnownFileType = sourcecode.swift; path = ViewController.swift; sourceTree = "<group>"; };
		9713CE0E2A5455350077E54B /* Base */ = {isa = PBXFileReference; lastKnownFileType = file.storyboard; name = Base; path = Base.lproj/Main.storyboard; sourceTree = "<group>"; };
		9713CE102A5455360077E54B /* Assets.xcassets */ = {isa = PBXFileReference; lastKnownFileType = folder.assetcatalog; path = Assets.xcassets; sourceTree = "<group>"; };
		9713CE132A5455360077E54B /* Base */ = {isa = PBXFileReference; lastKnownFileType = file.storyboard; name = Base; path = Base.lproj/LaunchScreen.storyboard; sourceTree = "<group>"; };
		9713CE152A5455360077E54B /* Info.plist */ = {isa = PBXFileReference; lastKnownFileType = text.plist.xml; path = Info.plist; sourceTree = "<group>"; };
		9713CE1D2A54A58C0077E54B /* HomeTableViewHeader.swift */ = {isa = PBXFileReference; lastKnownFileType = sourcecode.swift; path = HomeTableViewHeader.swift; sourceTree = "<group>"; };
		9713CE1F2A54B35D0077E54B /* HomeTableViewHeader.xib */ = {isa = PBXFileReference; lastKnownFileType = file.xib; path = HomeTableViewHeader.xib; sourceTree = "<group>"; };
		9737A6AB2A579A5C00869F70 /* ViagemTableViewCell.swift */ = {isa = PBXFileReference; lastKnownFileType = sourcecode.swift; path = ViagemTableViewCell.swift; sourceTree = "<group>"; };
		9737A6AC2A579A5C00869F70 /* ViagemTableViewCell.xib */ = {isa = PBXFileReference; lastKnownFileType = file.xib; path = ViagemTableViewCell.xib; sourceTree = "<group>"; };
		9737A6B02A5855CF00869F70 /* server-response.json */ = {isa = PBXFileReference; fileEncoding = 4; lastKnownFileType = text.json; name = "server-response.json"; path = "../../../../Downloads/Arquivos Swift/arquivos/server-response.json"; sourceTree = "<group>"; };
		9737A6B22A58563800869F70 /* DecodableData.swift */ = {isa = PBXFileReference; fileEncoding = 4; lastKnownFileType = sourcecode.swift; name = DecodableData.swift; path = "../../../../Downloads/Arquivos Swift/arquivos/DecodableData.swift"; sourceTree = "<group>"; };
		9737A6B42A58565100869F70 /* TiposDeViagens.swift */ = {isa = PBXFileReference; fileEncoding = 4; lastKnownFileType = sourcecode.swift; name = TiposDeViagens.swift; path = "../../../../Downloads/Arquivos Swift/arquivos/TiposDeViagens.swift"; sourceTree = "<group>"; };
		9737A6B62A58567100869F70 /* Viagem.swift */ = {isa = PBXFileReference; fileEncoding = 4; lastKnownFileType = sourcecode.swift; name = Viagem.swift; path = "../../../../Downloads/Arquivos Swift/arquivos/Viagem.swift"; sourceTree = "<group>"; };
		9737A6B92A5856CC00869F70 /* UIView+Extension.swift */ = {isa = PBXFileReference; fileEncoding = 4; lastKnownFileType = sourcecode.swift; name = "UIView+Extension.swift"; path = "../../../../Downloads/Arquivos Swift/arquivos/UIView+Extension.swift"; sourceTree = "<group>"; };
		9737A6BB2A58570F00869F70 /* ViagemViewModel.swift */ = {isa = PBXFileReference; lastKnownFileType = sourcecode.swift; path = ViagemViewModel.swift; sourceTree = "<group>"; };
		9737A6BD2A5857C800869F70 /* ViagemDestaqueViewModel.swift */ = {isa = PBXFileReference; lastKnownFileType = sourcecode.swift; path = ViagemDestaqueViewModel.swift; sourceTree = "<group>"; };
		97A6A52C2A58984100098A85 /* OfertaTableViewCell.swift */ = {isa = PBXFileReference; lastKnownFileType = sourcecode.swift; path = OfertaTableViewCell.swift; sourceTree = "<group>"; };
		97A6A52D2A58984100098A85 /* OfertaTableViewCell.xib */ = {isa = PBXFileReference; lastKnownFileType = file.xib; path = OfertaTableViewCell.xib; sourceTree = "<group>"; };
		97A6A5302A589B1600098A85 /* ViagemOfertaViewModel.swift */ = {isa = PBXFileReference; lastKnownFileType = sourcecode.swift; path = ViagemOfertaViewModel.swift; sourceTree = "<group>"; };
/* End PBXFileReference section */

/* Begin PBXFrameworksBuildPhase section */
		9713CE012A5455350077E54B /* Frameworks */ = {
			isa = PBXFrameworksBuildPhase;
			buildActionMask = 2147483647;
			files = (
			);
			runOnlyForDeploymentPostprocessing = 0;
		};
/* End PBXFrameworksBuildPhase section */

/* Begin PBXGroup section */
		9713CDFB2A5455350077E54B = {
			isa = PBXGroup;
			children = (
				9713CE062A5455350077E54B /* AluraViagens */,
				9713CE052A5455350077E54B /* Products */,
			);
			sourceTree = "<group>";
		};
		9713CE052A5455350077E54B /* Products */ = {
			isa = PBXGroup;
			children = (
				9713CE042A5455350077E54B /* AluraViagens.app */,
			);
			name = Products;
			sourceTree = "<group>";
		};
		9713CE062A5455350077E54B /* AluraViagens */ = {
			isa = PBXGroup;
			children = (
				97E34F7C2A5613FC00069C39 /* AppDelegate */,
				97E34F7D2A56141400069C39 /* Model */,
				97E34F7E2A56145300069C39 /* View */,
				97E34F802A5614D400069C39 /* ViewModel */,
				9737A6B82A58568100869F70 /* Extensions */,
				9713CE102A5455360077E54B /* Assets.xcassets */,
				9737A6AF2A58557400869F70 /* Mock */,
				9713CE122A5455360077E54B /* LaunchScreen.storyboard */,
				9713CE152A5455360077E54B /* Info.plist */,
			);
			path = AluraViagens;
			sourceTree = "<group>";
		};
		9737A6AA2A5799F600869F70 /* Cells */ = {
			isa = PBXGroup;
			children = (
				97A6A52A2A5897C500098A85 /* Destaque */,
				97A6A52B2A5897F400098A85 /* Oferta */,
			);
			path = Cells;
			sourceTree = "<group>";
		};
		9737A6AF2A58557400869F70 /* Mock */ = {
			isa = PBXGroup;
			children = (
				9737A6B02A5855CF00869F70 /* server-response.json */,
			);
			path = Mock;
			sourceTree = "<group>";
		};
		9737A6B82A58568100869F70 /* Extensions */ = {
			isa = PBXGroup;
			children = (
				9737A6B92A5856CC00869F70 /* UIView+Extension.swift */,
			);
			path = Extensions;
			sourceTree = "<group>";
		};
		97A6A52A2A5897C500098A85 /* Destaque */ = {
			isa = PBXGroup;
			children = (
				9737A6AB2A579A5C00869F70 /* ViagemTableViewCell.swift */,
				9737A6AC2A579A5C00869F70 /* ViagemTableViewCell.xib */,
			);
			path = Destaque;
			sourceTree = "<group>";
		};
		97A6A52B2A5897F400098A85 /* Oferta */ = {
			isa = PBXGroup;
			children = (
				97A6A52C2A58984100098A85 /* OfertaTableViewCell.swift */,
				97A6A52D2A58984100098A85 /* OfertaTableViewCell.xib */,
			);
			path = Oferta;
			sourceTree = "<group>";
		};
		97E34F7C2A5613FC00069C39 /* AppDelegate */ = {
			isa = PBXGroup;
			children = (
				9713CE072A5455350077E54B /* AppDelegate.swift */,
				9713CE092A5455350077E54B /* SceneDelegate.swift */,
			);
			path = AppDelegate;
			sourceTree = "<group>";
		};
		97E34F7D2A56141400069C39 /* Model */ = {
			isa = PBXGroup;
			children = (
				9737A6B42A58565100869F70 /* TiposDeViagens.swift */,
				9737A6B62A58567100869F70 /* Viagem.swift */,
				9737A6B22A58563800869F70 /* DecodableData.swift */,
			);
			path = Model;
			sourceTree = "<group>";
		};
		97E34F7E2A56145300069C39 /* View */ = {
			isa = PBXGroup;
			children = (
				9737A6AA2A5799F600869F70 /* Cells */,
				9713CE0B2A5455350077E54B /* ViewController.swift */,
				9713CE0D2A5455350077E54B /* Main.storyboard */,
				97E34F7F2A56148B00069C39 /* Header */,
			);
			path = View;
			sourceTree = "<group>";
		};
		97E34F7F2A56148B00069C39 /* Header */ = {
			isa = PBXGroup;
			children = (
				9713CE1D2A54A58C0077E54B /* HomeTableViewHeader.swift */,
				9713CE1F2A54B35D0077E54B /* HomeTableViewHeader.xib */,
			);
			path = Header;
			sourceTree = "<group>";
		};
		97E34F802A5614D400069C39 /* ViewModel */ = {
			isa = PBXGroup;
			children = (
				9737A6BB2A58570F00869F70 /* ViagemViewModel.swift */,
				9737A6BD2A5857C800869F70 /* ViagemDestaqueViewModel.swift */,
				97A6A5302A589B1600098A85 /* ViagemOfertaViewModel.swift */,
			);
			path = ViewModel;
			sourceTree = "<group>";
		};
/* End PBXGroup section */

/* Begin PBXNativeTarget section */
		9713CE032A5455350077E54B /* AluraViagens */ = {
			isa = PBXNativeTarget;
			buildConfigurationList = 9713CE182A5455360077E54B /* Build configuration list for PBXNativeTarget "AluraViagens" */;
			buildPhases = (
				9713CE002A5455350077E54B /* Sources */,
				9713CE012A5455350077E54B /* Frameworks */,
				9713CE022A5455350077E54B /* Resources */,
			);
			buildRules = (
			);
			dependencies = (
			);
			name = AluraViagens;
			productName = AluraViagens;
			productReference = 9713CE042A5455350077E54B /* AluraViagens.app */;
			productType = "com.apple.product-type.application";
		};
/* End PBXNativeTarget section */

/* Begin PBXProject section */
		9713CDFC2A5455350077E54B /* Project object */ = {
			isa = PBXProject;
			attributes = {
				BuildIndependentTargetsInParallel = 1;
				LastSwiftUpdateCheck = 1430;
				LastUpgradeCheck = 1430;
				TargetAttributes = {
					9713CE032A5455350077E54B = {
						CreatedOnToolsVersion = 14.3.1;
					};
				};
			};
			buildConfigurationList = 9713CDFF2A5455350077E54B /* Build configuration list for PBXProject "AluraViagens" */;
			compatibilityVersion = "Xcode 14.0";
			developmentRegion = en;
			hasScannedForEncodings = 0;
			knownRegions = (
				en,
				Base,
			);
			mainGroup = 9713CDFB2A5455350077E54B;
			productRefGroup = 9713CE052A5455350077E54B /* Products */;
			projectDirPath = "";
			projectRoot = "";
			targets = (
				9713CE032A5455350077E54B /* AluraViagens */,
			);
		};
/* End PBXProject section */

/* Begin PBXResourcesBuildPhase section */
		9713CE022A5455350077E54B /* Resources */ = {
			isa = PBXResourcesBuildPhase;
			buildActionMask = 2147483647;
			files = (
				9713CE142A5455360077E54B /* LaunchScreen.storyboard in Resources */,
				9737A6B12A5855CF00869F70 /* server-response.json in Resources */,
				9713CE202A54B35D0077E54B /* HomeTableViewHeader.xib in Resources */,
				9713CE112A5455360077E54B /* Assets.xcassets in Resources */,
				9713CE0F2A5455350077E54B /* Main.storyboard in Resources */,
				9737A6AE2A579A5C00869F70 /* ViagemTableViewCell.xib in Resources */,
				97A6A52F2A58984100098A85 /* OfertaTableViewCell.xib in Resources */,
			);
			runOnlyForDeploymentPostprocessing = 0;
		};
/* End PBXResourcesBuildPhase section */

/* Begin PBXSourcesBuildPhase section */
		9713CE002A5455350077E54B /* Sources */ = {
			isa = PBXSourcesBuildPhase;
			buildActionMask = 2147483647;
			files = (
				9737A6B72A58567100869F70 /* Viagem.swift in Sources */,
				9713CE0C2A5455350077E54B /* ViewController.swift in Sources */,
				9737A6AD2A579A5C00869F70 /* ViagemTableViewCell.swift in Sources */,
				9737A6BA2A5856CC00869F70 /* UIView+Extension.swift in Sources */,
				97A6A5312A589B1600098A85 /* ViagemOfertaViewModel.swift in Sources */,
				97A6A52E2A58984100098A85 /* OfertaTableViewCell.swift in Sources */,
				9737A6B52A58565100869F70 /* TiposDeViagens.swift in Sources */,
				9713CE1E2A54A58C0077E54B /* HomeTableViewHeader.swift in Sources */,
				9737A6B32A58563800869F70 /* DecodableData.swift in Sources */,
				9713CE082A5455350077E54B /* AppDelegate.swift in Sources */,
				9713CE0A2A5455350077E54B /* SceneDelegate.swift in Sources */,
				9737A6BC2A58570F00869F70 /* ViagemViewModel.swift in Sources */,
				9737A6BE2A5857C800869F70 /* ViagemDestaqueViewModel.swift in Sources */,
			);
			runOnlyForDeploymentPostprocessing = 0;
		};
/* End PBXSourcesBuildPhase section */

/* Begin PBXVariantGroup section */
		9713CE0D2A5455350077E54B /* Main.storyboard */ = {
			isa = PBXVariantGroup;
			children = (
				9713CE0E2A5455350077E54B /* Base */,
			);
			name = Main.storyboard;
			sourceTree = "<group>";
		};
		9713CE122A5455360077E54B /* LaunchScreen.storyboard */ = {
			isa = PBXVariantGroup;
			children = (
				9713CE132A5455360077E54B /* Base */,
			);
			name = LaunchScreen.storyboard;
			sourceTree = "<group>";
		};
/* End PBXVariantGroup section */

/* Begin XCBuildConfiguration section */
		9713CE162A5455360077E54B /* Debug */ = {
			isa = XCBuildConfiguration;
			buildSettings = {
				ALWAYS_SEARCH_USER_PATHS = NO;
				CLANG_ANALYZER_NONNULL = YES;
				CLANG_ANALYZER_NUMBER_OBJECT_CONVERSION = YES_AGGRESSIVE;
				CLANG_CXX_LANGUAGE_STANDARD = "gnu++20";
				CLANG_ENABLE_MODULES = YES;
				CLANG_ENABLE_OBJC_ARC = YES;
				CLANG_ENABLE_OBJC_WEAK = YES;
				CLANG_WARN_BLOCK_CAPTURE_AUTORELEASING = YES;
				CLANG_WARN_BOOL_CONVERSION = YES;
				CLANG_WARN_COMMA = YES;
				CLANG_WARN_CONSTANT_CONVERSION = YES;
				CLANG_WARN_DEPRECATED_OBJC_IMPLEMENTATIONS = YES;
				CLANG_WARN_DIRECT_OBJC_ISA_USAGE = YES_ERROR;
				CLANG_WARN_DOCUMENTATION_COMMENTS = YES;
				CLANG_WARN_EMPTY_BODY = YES;
				CLANG_WARN_ENUM_CONVERSION = YES;
				CLANG_WARN_INFINITE_RECURSION = YES;
				CLANG_WARN_INT_CONVERSION = YES;
				CLANG_WARN_NON_LITERAL_NULL_CONVERSION = YES;
				CLANG_WARN_OBJC_IMPLICIT_RETAIN_SELF = YES;
				CLANG_WARN_OBJC_LITERAL_CONVERSION = YES;
				CLANG_WARN_OBJC_ROOT_CLASS = YES_ERROR;
				CLANG_WARN_QUOTED_INCLUDE_IN_FRAMEWORK_HEADER = YES;
				CLANG_WARN_RANGE_LOOP_ANALYSIS = YES;
				CLANG_WARN_STRICT_PROTOTYPES = YES;
				CLANG_WARN_SUSPICIOUS_MOVE = YES;
				CLANG_WARN_UNGUARDED_AVAILABILITY = YES_AGGRESSIVE;
				CLANG_WARN_UNREACHABLE_CODE = YES;
				CLANG_WARN__DUPLICATE_METHOD_MATCH = YES;
				COPY_PHASE_STRIP = NO;
				DEBUG_INFORMATION_FORMAT = dwarf;
				ENABLE_STRICT_OBJC_MSGSEND = YES;
				ENABLE_TESTABILITY = YES;
				GCC_C_LANGUAGE_STANDARD = gnu11;
				GCC_DYNAMIC_NO_PIC = NO;
				GCC_NO_COMMON_BLOCKS = YES;
				GCC_OPTIMIZATION_LEVEL = 0;
				GCC_PREPROCESSOR_DEFINITIONS = (
					"DEBUG=1",
					"$(inherited)",
				);
				GCC_WARN_64_TO_32_BIT_CONVERSION = YES;
				GCC_WARN_ABOUT_RETURN_TYPE = YES_ERROR;
				GCC_WARN_UNDECLARED_SELECTOR = YES;
				GCC_WARN_UNINITIALIZED_AUTOS = YES_AGGRESSIVE;
				GCC_WARN_UNUSED_FUNCTION = YES;
				GCC_WARN_UNUSED_VARIABLE = YES;
				IPHONEOS_DEPLOYMENT_TARGET = 16.4;
				MTL_ENABLE_DEBUG_INFO = INCLUDE_SOURCE;
				MTL_FAST_MATH = YES;
				ONLY_ACTIVE_ARCH = YES;
				SDKROOT = iphoneos;
				SWIFT_ACTIVE_COMPILATION_CONDITIONS = DEBUG;
				SWIFT_OPTIMIZATION_LEVEL = "-Onone";
			};
			name = Debug;
		};
		9713CE172A5455360077E54B /* Release */ = {
			isa = XCBuildConfiguration;
			buildSettings = {
				ALWAYS_SEARCH_USER_PATHS = NO;
				CLANG_ANALYZER_NONNULL = YES;
				CLANG_ANALYZER_NUMBER_OBJECT_CONVERSION = YES_AGGRESSIVE;
				CLANG_CXX_LANGUAGE_STANDARD = "gnu++20";
				CLANG_ENABLE_MODULES = YES;
				CLANG_ENABLE_OBJC_ARC = YES;
				CLANG_ENABLE_OBJC_WEAK = YES;
				CLANG_WARN_BLOCK_CAPTURE_AUTORELEASING = YES;
				CLANG_WARN_BOOL_CONVERSION = YES;
				CLANG_WARN_COMMA = YES;
				CLANG_WARN_CONSTANT_CONVERSION = YES;
				CLANG_WARN_DEPRECATED_OBJC_IMPLEMENTATIONS = YES;
				CLANG_WARN_DIRECT_OBJC_ISA_USAGE = YES_ERROR;
				CLANG_WARN_DOCUMENTATION_COMMENTS = YES;
				CLANG_WARN_EMPTY_BODY = YES;
				CLANG_WARN_ENUM_CONVERSION = YES;
				CLANG_WARN_INFINITE_RECURSION = YES;
				CLANG_WARN_INT_CONVERSION = YES;
				CLANG_WARN_NON_LITERAL_NULL_CONVERSION = YES;
				CLANG_WARN_OBJC_IMPLICIT_RETAIN_SELF = YES;
				CLANG_WARN_OBJC_LITERAL_CONVERSION = YES;
				CLANG_WARN_OBJC_ROOT_CLASS = YES_ERROR;
				CLANG_WARN_QUOTED_INCLUDE_IN_FRAMEWORK_HEADER = YES;
				CLANG_WARN_RANGE_LOOP_ANALYSIS = YES;
				CLANG_WARN_STRICT_PROTOTYPES = YES;
				CLANG_WARN_SUSPICIOUS_MOVE = YES;
				CLANG_WARN_UNGUARDED_AVAILABILITY = YES_AGGRESSIVE;
				CLANG_WARN_UNREACHABLE_CODE = YES;
				CLANG_WARN__DUPLICATE_METHOD_MATCH = YES;
				COPY_PHASE_STRIP = NO;
				DEBUG_INFORMATION_FORMAT = "dwarf-with-dsym";
				ENABLE_NS_ASSERTIONS = NO;
				ENABLE_STRICT_OBJC_MSGSEND = YES;
				GCC_C_LANGUAGE_STANDARD = gnu11;
				GCC_NO_COMMON_BLOCKS = YES;
				GCC_WARN_64_TO_32_BIT_CONVERSION = YES;
				GCC_WARN_ABOUT_RETURN_TYPE = YES_ERROR;
				GCC_WARN_UNDECLARED_SELECTOR = YES;
				GCC_WARN_UNINITIALIZED_AUTOS = YES_AGGRESSIVE;
				GCC_WARN_UNUSED_FUNCTION = YES;
				GCC_WARN_UNUSED_VARIABLE = YES;
				IPHONEOS_DEPLOYMENT_TARGET = 16.4;
				MTL_ENABLE_DEBUG_INFO = NO;
				MTL_FAST_MATH = YES;
				SDKROOT = iphoneos;
				SWIFT_COMPILATION_MODE = wholemodule;
				SWIFT_OPTIMIZATION_LEVEL = "-O";
				VALIDATE_PRODUCT = YES;
			};
			name = Release;
		};
		9713CE192A5455360077E54B /* Debug */ = {
			isa = XCBuildConfiguration;
			buildSettings = {
				ASSETCATALOG_COMPILER_APPICON_NAME = AppIcon;
				ASSETCATALOG_COMPILER_GLOBAL_ACCENT_COLOR_NAME = AccentColor;
				CODE_SIGN_STYLE = Automatic;
				CURRENT_PROJECT_VERSION = 1;
				GENERATE_INFOPLIST_FILE = YES;
				INFOPLIST_FILE = AluraViagens/Info.plist;
				INFOPLIST_KEY_UIApplicationSupportsIndirectInputEvents = YES;
				INFOPLIST_KEY_UILaunchStoryboardName = LaunchScreen;
				INFOPLIST_KEY_UIMainStoryboardFile = Main;
				INFOPLIST_KEY_UISupportedInterfaceOrientations_iPad = "UIInterfaceOrientationPortrait UIInterfaceOrientationPortraitUpsideDown UIInterfaceOrientationLandscapeLeft UIInterfaceOrientationLandscapeRight";
				INFOPLIST_KEY_UISupportedInterfaceOrientations_iPhone = "UIInterfaceOrientationPortrait UIInterfaceOrientationLandscapeLeft UIInterfaceOrientationLandscapeRight";
				LD_RUNPATH_SEARCH_PATHS = (
					"$(inherited)",
					"@executable_path/Frameworks",
				);
				MARKETING_VERSION = 1.0;
				PRODUCT_BUNDLE_IDENTIFIER = mauricio.com.AluraViagens;
				PRODUCT_NAME = "$(TARGET_NAME)";
				SWIFT_EMIT_LOC_STRINGS = YES;
				SWIFT_VERSION = 5.0;
				TARGETED_DEVICE_FAMILY = "1,2";
			};
			name = Debug;
		};
		9713CE1A2A5455360077E54B /* Release */ = {
			isa = XCBuildConfiguration;
			buildSettings = {
				ASSETCATALOG_COMPILER_APPICON_NAME = AppIcon;
				ASSETCATALOG_COMPILER_GLOBAL_ACCENT_COLOR_NAME = AccentColor;
				CODE_SIGN_STYLE = Automatic;
				CURRENT_PROJECT_VERSION = 1;
				GENERATE_INFOPLIST_FILE = YES;
				INFOPLIST_FILE = AluraViagens/Info.plist;
				INFOPLIST_KEY_UIApplicationSupportsIndirectInputEvents = YES;
				INFOPLIST_KEY_UILaunchStoryboardName = LaunchScreen;
				INFOPLIST_KEY_UIMainStoryboardFile = Main;
				INFOPLIST_KEY_UISupportedInterfaceOrientations_iPad = "UIInterfaceOrientationPortrait UIInterfaceOrientationPortraitUpsideDown UIInterfaceOrientationLandscapeLeft UIInterfaceOrientationLandscapeRight";
				INFOPLIST_KEY_UISupportedInterfaceOrientations_iPhone = "UIInterfaceOrientationPortrait UIInterfaceOrientationLandscapeLeft UIInterfaceOrientationLandscapeRight";
				LD_RUNPATH_SEARCH_PATHS = (
					"$(inherited)",
					"@executable_path/Frameworks",
				);
				MARKETING_VERSION = 1.0;
				PRODUCT_BUNDLE_IDENTIFIER = mauricio.com.AluraViagens;
				PRODUCT_NAME = "$(TARGET_NAME)";
				SWIFT_EMIT_LOC_STRINGS = YES;
				SWIFT_VERSION = 5.0;
				TARGETED_DEVICE_FAMILY = "1,2";
			};
			name = Release;
		};
/* End XCBuildConfiguration section */

/* Begin XCConfigurationList section */
		9713CDFF2A5455350077E54B /* Build configuration list for PBXProject "AluraViagens" */ = {
			isa = XCConfigurationList;
			buildConfigurations = (
				9713CE162A5455360077E54B /* Debug */,
				9713CE172A5455360077E54B /* Release */,
			);
			defaultConfigurationIsVisible = 0;
			defaultConfigurationName = Release;
		};
		9713CE182A5455360077E54B /* Build configuration list for PBXNativeTarget "AluraViagens" */ = {
			isa = XCConfigurationList;
			buildConfigurations = (
				9713CE192A5455360077E54B /* Debug */,
				9713CE1A2A5455360077E54B /* Release */,
			);
			defaultConfigurationIsVisible = 0;
			defaultConfigurationName = Release;
		};
/* End XCConfigurationList section */
	};
	rootObject = 9713CDFC2A5455350077E54B /* Project object */;
}
